# This file was autogenerated by Stack.
# You should not edit this file by hand.
# For more information, please see the documentation at:
#   https://docs.haskellstack.org/en/stable/topics/lock_files

packages:
- completed:
    hackage: telegram-bot-api-7.4.5@sha256:22ace704703ecb759810f9b01115a296f8b9ec847b7c06d82d5318fc98bd7b08,11035
    pantry-tree:
      sha256: 86ff708323d8917d5144816c8428e3a2d1a7985a7e90ef6498eb9e52a55e26d7
      size: 19237
  original:
    hackage: telegram-bot-api-7.4.5@sha256:22ace704703ecb759810f9b01115a296f8b9ec847b7c06d82d5318fc98bd7b08,11035
snapshots:
- completed:
    sha256: e176944bc843f740e05242fa7a66ca1f440c127e425254f7f1257f9b19add23f
    size: 712153
    url: https://raw.githubusercontent.com/commercialhaskell/stackage-snapshots/master/lts/22/0.yaml
  original: lts-22.0
